{
  "name": "modicon-plc-variable-import",
  "version": "1.0.0",
  "lockfileVersion": 2,
  "requires": true,
  "packages": {
    "": {
      "name": "modicon-plc-variable-import",
      "version": "1.0.0",
      "license": "ISC",
      "dependencies": {
        "alert": "^5.1.4",
        "convert-csv-to-array": "^1.0.3",
        "node-file-dialog": "^1.0.3"
      }
    },
    "node_modules/alert": {
      "version": "5.1.4",
      "resolved": "https://registry.npmjs.org/alert/-/alert-5.1.4.tgz",
      "integrity": "sha512-fVgDH06nzfNvaBp5+KPgTL4ezq2FrwzQ10l5626Txyelf7xp7ZbskIBu/c4tHCv/0JJ8vLwZy+sIbO+dKORcYA==",
      "deprecated": "Deprecated: use node-notifier",
      "dependencies": {
        "is-program-installed": "2.3.4"
      },
      "bin": {
        "alert": "cli.js"
      },
      "engines": {
        "node": ">=10.0.0"
      }
    },
    "node_modules/convert-csv-to-array": {
      "version": "1.0.3",
      "resolved": "https://registry.npmjs.org/convert-csv-to-array/-/convert-csv-to-array-1.0.3.tgz",
      "integrity": "sha512-F2o7RgfkegFwbxJN+mryqPPJHQaUzRej5JU3dzaXMPk7hVJKnsHu/Mm/y8rku/oflNyEILAbOKe8FcEAQkpxwg==",
      "dependencies": {
        "convert-string-to-number": "^1.0.3"
      }
    },
    "node_modules/convert-string-to-number": {
      "version": "1.0.3",
      "resolved": "https://registry.npmjs.org/convert-string-to-number/-/convert-string-to-number-1.0.3.tgz",
      "integrity": "sha512-ZvP2/ob7UvvC6s7euMDU2JXYz1dTdBXS8QvOgCPOiGHHYNsKcJ/WZUui3wL0vngXRfM7/3QSFF2PZWlPjgKeUA=="
    },
    "node_modules/is-program-installed": {
      "version": "2.3.4",
      "resolved": "https://registry.npmjs.org/is-program-installed/-/is-program-installed-2.3.4.tgz",
      "integrity": "sha512-b4e65BxUsiLkoFSOu8RAca7Rz7rPvnbw0u0lS431BFyI37C4lM6F+OjQ5DNODMakjKfcoOY9aeaPqXgFoezhsg==",
      "engines": {
        "node": ">=16.0.0"
      },
      "funding": {
        "type": "ko-fi",
        "url": "https://ko-fi.com/zacanger"
      }
    },
    "node_modules/node-file-dialog": {
      "version": "1.0.3",
      "resolved": "https://registry.npmjs.org/node-file-dialog/-/node-file-dialog-1.0.3.tgz",
      "integrity": "sha512-hFOeuQHWk1f44jFI6LB7SxDWBRzN/RhLPTTn6PiD4qsRAwv7k5nWpmUbIpHkyIrJvM9Ekpwtz0dxF6zwYndK6g=="
    }
  },
  "dependencies": {
    "alert": {
      "version": "5.1.4",
      "resolved": "https://registry.npmjs.org/alert/-/alert-5.1.4.tgz",
      "integrity": "sha512-fVgDH06nzfNvaBp5+KPgTL4ezq2FrwzQ10l5626Txyelf7xp7ZbskIBu/c4tHCv/0JJ8vLwZy+sIbO+dKORcYA==",
      "requires": {
        "is-program-installed": "2.3.4"
      }
    },
    "convert-csv-to-array": {
      "version": "1.0.3",
      "resolved": "https://registry.npmjs.org/convert-csv-to-array/-/convert-csv-to-array-1.0.3.tgz",
      "integrity": "sha512-F2o7RgfkegFwbxJN+mryqPPJHQaUzRej5JU3dzaXMPk7hVJKnsHu/Mm/y8rku/oflNyEILAbOKe8FcEAQkpxwg==",
      "requires": {
        "convert-string-to-number": "^1.0.3"
      }
    },
    "convert-string-to-number": {
      "version": "1.0.3",
      "resolved": "https://registry.npmjs.org/convert-string-to-number/-/convert-string-to-number-1.0.3.tgz",
      "integrity": "sha512-ZvP2/ob7UvvC6s7euMDU2JXYz1dTdBXS8QvOgCPOiGHHYNsKcJ/WZUui3wL0vngXRfM7/3QSFF2PZWlPjgKeUA=="
    },
    "is-program-installed": {
      "version": "2.3.4",
      "resolved": "https://registry.npmjs.org/is-program-installed/-/is-program-installed-2.3.4.tgz",
      "integrity": "sha512-b4e65BxUsiLkoFSOu8RAca7Rz7rPvnbw0u0lS431BFyI37C4lM6F+OjQ5DNODMakjKfcoOY9aeaPqXgFoezhsg=="
    },
    "node-file-dialog": {
      "version": "1.0.3",
      "resolved": "https://registry.npmjs.org/node-file-dialog/-/node-file-dialog-1.0.3.tgz",
      "integrity": "sha512-hFOeuQHWk1f44jFI6LB7SxDWBRzN/RhLPTTn6PiD4qsRAwv7k5nWpmUbIpHkyIrJvM9Ekpwtz0dxF6zwYndK6g=="
    }
  }
}
